{
    "_meta": {
        "hash": {
            "sha256": "069961dee5e2a1cf816fb705b95839c67ab409bfdd50149e5a2cab72f3491a90"
        },
        "pipfile-spec": 6,
        "requires": {
            "python_version": "3.6"
        },
        "sources": [
            {
                "name": "pypi",
                "url": "https://pypi.org/simple",
                "verify_ssl": true
            }
        ]
    },
    "default": {
        "adafruit-ampy": {
            "hashes": [
                "sha256:46cbb1ebb585c2c01b9d34625dbef618df95c4256a1fc6ac13cb13bbd4a8b6c0",
                "sha256:cd8d6b831a1c76d712e30e224e3945428f77bb0c6cccbf06239b31aaf4d4e5b7"
            ],
            "index": "pypi",
            "version": "==1.0.7"
        },
        "click": {
            "hashes": [
                "sha256:2335065e6395b9e67ca716de5f7526736bfa6ceead690adf616d925bdc622b13",
                "sha256:5b94b49521f6456670fdb30cd82a4eca9412788a93fa6dd6df72c94d5a8ff2d7"
            ],
            "version": "==7.0"
        },
        "pyserial": {
            "hashes": [
                "sha256:6e2d401fdee0eab996cf734e67773a0143b932772ca8b42451440cfed942c627",
                "sha256:e0770fadba80c31013896c7e6ef703f72e7834965954a78e71a3049488d4d7d8"
            ],
            "version": "==3.4"
        },
        "python-dotenv": {
            "hashes": [
                "sha256:156f218846bd90e0d537915545cde4a987947c2cecc628b50f9955fdde72534a",
                "sha256:6640acd76e6cab84648e4fec16c9d19de6700971f9d91d045e7120622167bfda"
            ],
            "version": "==0.10.2"
        },
        "pyudev": {
            "hashes": [
                "sha256:094b7a100150114748aaa3b70663485dd360457a709bfaaafe5a977371033f2b"
            ],
            "version": "==0.21.0"
        },
        "rshell": {
            "hashes": [
                "sha256:f6857cdc3c53c8ce9ba7a560c2759c10b988f3d9fafde912d3fa4deecb4d4664"
            ],
            "index": "pypi",
            "version": "==0.0.25"
        },
        "six": {
            "hashes": [
                "sha256:3350809f0555b11f552448330d0b52d5f24c91a322ea4a15ef22629740f3761c",
                "sha256:d16a0141ec1a18405cd4ce8b4613101da75da0e9a7aec5bdd4fa804d0e0eba73"
            ],
            "version": "==1.12.0"
        }
    },
    "develop": {}
}
